
Microsoft Visual Studio Solution File, Format Version 12.00
# Visual Studio Version 16
VisualStudioVersion = 16.0.30011.22
MinimumVisualStudioVersion = 10.0.40219.1
Project("{FAE04EC0-301F-11D3-BF4B-00C04F79EFBC}") = "Teamproject1", "Teamproject1.csproj", "{FF8E548B-CCEC-4047-B01F-D01DED3C57FF}"
EndProject
Global
	GlobalSection(SolutionConfigurationPlatforms) = preSolution
		Debug|Any CPU = Debug|Any CPU
		Release|Any CPU = Release|Any CPU
	EndGlobalSection
	GlobalSection(ProjectConfigurationPlatforms) = postSolution
		{FF8E548B-CCEC-4047-B01F-D01DED3C57FF}.Debug|Any CPU.ActiveCfg = Debug|Any CPU
		{FF8E548B-CCEC-4047-B01F-D01DED3C57FF}.Debug|Any CPU.Build.0 = Debug|Any CPU
		{FF8E548B-CCEC-4047-B01F-D01DED3C57FF}.Release|Any CPU.ActiveCfg = Release|Any CPU
		{FF8E548B-CCEC-4047-B01F-D01DED3C57FF}.Release|Any CPU.Build.0 = Release|Any CPU
	EndGlobalSection
	GlobalSection(SolutionProperties) = preSolution
		HideSolutionNode = FALSE
	EndGlobalSection
	GlobalSection(ExtensibilityGlobals) = postSolution
		SolutionGuid = {F24538B7-6002-40E8-8612-96E3FEBEB78D}
	EndGlobalSection
EndGlobal
